
Microsoft Visual Studio Solution File, Format Version 12.00
# Visual Studio Version 17
VisualStudioVersion = 17.8.34316.72
MinimumVisualStudioVersion = 10.0.40219.1
Project("{2150E333-8FDC-42A3-9474-1A3956D46DE8}") = "Core", "Core", "{37E413FE-3675-4016-8164-3B1E1319046F}"
EndProject
Project("{FAE04EC0-301F-11D3-BF4B-00C04F79EFBC}") = "CarBook.Domain", "Core\CarBook.Domain\CarBook.Domain.csproj", "{82A42A5B-DBB4-4131-86E1-A44FC8127BB8}"
EndProject
Project("{2150E333-8FDC-42A3-9474-1A3956D46DE8}") = "Infrastructure", "Infrastructure", "{9DB67335-14C9-4C86-8226-4359326B2A7C}"
EndProject
Project("{FAE04EC0-301F-11D3-BF4B-00C04F79EFBC}") = "CarBook.Persistance", "Infrastructure\CarBook.Persistance\CarBook.Persistance.csproj", "{BD32DE5B-5D10-467D-B5BF-776B864DAFCF}"
EndProject
Project("{2150E333-8FDC-42A3-9474-1A3956D46DE8}") = "Presentation", "Presentation", "{687CBDFB-69D4-44FC-BA42-97EF15585B59}"
EndProject
Project("{FAE04EC0-301F-11D3-BF4B-00C04F79EFBC}") = "CarBook.WebApi", "Presentation\CarBook.WebApi\CarBook.WebApi.csproj", "{7074232B-95CF-4C41-903F-CDDEC6DAE110}"
EndProject
Global
	GlobalSection(SolutionConfigurationPlatforms) = preSolution
		Debug|Any CPU = Debug|Any CPU
		Release|Any CPU = Release|Any CPU
	EndGlobalSection
	GlobalSection(ProjectConfigurationPlatforms) = postSolution
		{82A42A5B-DBB4-4131-86E1-A44FC8127BB8}.Debug|Any CPU.ActiveCfg = Debug|Any CPU
		{82A42A5B-DBB4-4131-86E1-A44FC8127BB8}.Debug|Any CPU.Build.0 = Debug|Any CPU
		{82A42A5B-DBB4-4131-86E1-A44FC8127BB8}.Release|Any CPU.ActiveCfg = Release|Any CPU
		{82A42A5B-DBB4-4131-86E1-A44FC8127BB8}.Release|Any CPU.Build.0 = Release|Any CPU
		{BD32DE5B-5D10-467D-B5BF-776B864DAFCF}.Debug|Any CPU.ActiveCfg = Debug|Any CPU
		{BD32DE5B-5D10-467D-B5BF-776B864DAFCF}.Debug|Any CPU.Build.0 = Debug|Any CPU
		{BD32DE5B-5D10-467D-B5BF-776B864DAFCF}.Release|Any CPU.ActiveCfg = Release|Any CPU
		{BD32DE5B-5D10-467D-B5BF-776B864DAFCF}.Release|Any CPU.Build.0 = Release|Any CPU
		{7074232B-95CF-4C41-903F-CDDEC6DAE110}.Debug|Any CPU.ActiveCfg = Debug|Any CPU
		{7074232B-95CF-4C41-903F-CDDEC6DAE110}.Debug|Any CPU.Build.0 = Debug|Any CPU
		{7074232B-95CF-4C41-903F-CDDEC6DAE110}.Release|Any CPU.ActiveCfg = Release|Any CPU
		{7074232B-95CF-4C41-903F-CDDEC6DAE110}.Release|Any CPU.Build.0 = Release|Any CPU
	EndGlobalSection
	GlobalSection(SolutionProperties) = preSolution
		HideSolutionNode = FALSE
	EndGlobalSection
	GlobalSection(NestedProjects) = preSolution
		{82A42A5B-DBB4-4131-86E1-A44FC8127BB8} = {37E413FE-3675-4016-8164-3B1E1319046F}
		{BD32DE5B-5D10-467D-B5BF-776B864DAFCF} = {9DB67335-14C9-4C86-8226-4359326B2A7C}
		{7074232B-95CF-4C41-903F-CDDEC6DAE110} = {687CBDFB-69D4-44FC-BA42-97EF15585B59}
	EndGlobalSection
	GlobalSection(ExtensibilityGlobals) = postSolution
		SolutionGuid = {4E4E1B63-B23A-43B9-B7DA-38DFC03F0E52}
	EndGlobalSection
EndGlobal
